// !$*UTF8*$!
{
	archiveVersion = 1;
	classes = {
	};
	objectVersion = 50;
	objects = {

/* Begin PBXBuildFile section */
		6EF25CA920F63F39000DF281 /* AppDelegate.swift in Sources */ = {isa = PBXBuildFile; fileRef = 6EF25CA820F63F39000DF281 /* AppDelegate.swift */; };
		6EF25CAB20F63F39000DF281 /* ViewController.swift in Sources */ = {isa = PBXBuildFile; fileRef = 6EF25CAA20F63F39000DF281 /* ViewController.swift */; };
		6EF25CAE20F63F39000DF281 /* Main.storyboard in Resources */ = {isa = PBXBuildFile; fileRef = 6EF25CAC20F63F39000DF281 /* Main.storyboard */; };
		6EF25CB020F63F3B000DF281 /* Assets.xcassets in Resources */ = {isa = PBXBuildFile; fileRef = 6EF25CAF20F63F3B000DF281 /* Assets.xcassets */; };
		6EF25CB320F63F3B000DF281 /* LaunchScreen.storyboard in Resources */ = {isa = PBXBuildFile; fileRef = 6EF25CB120F63F3B000DF281 /* LaunchScreen.storyboard */; };
		6EF25CBE20F63F3B000DF281 /* H2O_InfoTests.swift in Sources */ = {isa = PBXBuildFile; fileRef = 6EF25CBD20F63F3B000DF281 /* H2O_InfoTests.swift */; };
		6EF25CC920F63F3B000DF281 /* H2O_InfoUITests.swift in Sources */ = {isa = PBXBuildFile; fileRef = 6EF25CC820F63F3B000DF281 /* H2O_InfoUITests.swift */; };
/* End PBXBuildFile section */

/* Begin PBXContainerItemProxy section */
		6EF25CBA20F63F3B000DF281 /* PBXContainerItemProxy */ = {
			isa = PBXContainerItemProxy;
			containerPortal = 6EF25C9D20F63F39000DF281 /* Project object */;
			proxyType = 1;
			remoteGlobalIDString = 6EF25CA420F63F39000DF281;
			remoteInfo = "H2O Info";
		};
		6EF25CC520F63F3B000DF281 /* PBXContainerItemProxy */ = {
			isa = PBXContainerItemProxy;
			containerPortal = 6EF25C9D20F63F39000DF281 /* Project object */;
			proxyType = 1;
			remoteGlobalIDString = 6EF25CA420F63F39000DF281;
			remoteInfo = "H2O Info";
		};
/* End PBXContainerItemProxy section */

/* Begin PBXFileReference section */
		6EF25CA520F63F39000DF281 /* H2O Info.app */ = {isa = PBXFileReference; explicitFileType = wrapper.application; includeInIndex = 0; path = "H2O Info.app"; sourceTree = BUILT_PRODUCTS_DIR; };
		6EF25CA820F63F39000DF281 /* AppDelegate.swift */ = {isa = PBXFileReference; lastKnownFileType = sourcecode.swift; path = AppDelegate.swift; sourceTree = "<group>"; };
		6EF25CAA20F63F39000DF281 /* ViewController.swift */ = {isa = PBXFileReference; lastKnownFileType = sourcecode.swift; path = ViewController.swift; sourceTree = "<group>"; };
		6EF25CAD20F63F39000DF281 /* Base */ = {isa = PBXFileReference; lastKnownFileType = file.storyboard; name = Base; path = Base.lproj/Main.storyboard; sourceTree = "<group>"; };
		6EF25CAF20F63F3B000DF281 /* Assets.xcassets */ = {isa = PBXFileReference; lastKnownFileType = folder.assetcatalog; path = Assets.xcassets; sourceTree = "<group>"; };
		6EF25CB220F63F3B000DF281 /* Base */ = {isa = PBXFileReference; lastKnownFileType = file.storyboard; name = Base; path = Base.lproj/LaunchScreen.storyboard; sourceTree = "<group>"; };
		6EF25CB420F63F3B000DF281 /* Info.plist */ = {isa = PBXFileReference; lastKnownFileType = text.plist.xml; path = Info.plist; sourceTree = "<group>"; };
		6EF25CB920F63F3B000DF281 /* H2O InfoTests.xctest */ = {isa = PBXFileReference; explicitFileType = wrapper.cfbundle; includeInIndex = 0; path = "H2O InfoTests.xctest"; sourceTree = BUILT_PRODUCTS_DIR; };
		6EF25CBD20F63F3B000DF281 /* H2O_InfoTests.swift */ = {isa = PBXFileReference; lastKnownFileType = sourcecode.swift; path = H2O_InfoTests.swift; sourceTree = "<group>"; };
		6EF25CBF20F63F3B000DF281 /* Info.plist */ = {isa = PBXFileReference; lastKnownFileType = text.plist.xml; path = Info.plist; sourceTree = "<group>"; };
		6EF25CC420F63F3B000DF281 /* H2O InfoUITests.xctest */ = {isa = PBXFileReference; explicitFileType = wrapper.cfbundle; includeInIndex = 0; path = "H2O InfoUITests.xctest"; sourceTree = BUILT_PRODUCTS_DIR; };
		6EF25CC820F63F3B000DF281 /* H2O_InfoUITests.swift */ = {isa = PBXFileReference; lastKnownFileType = sourcecode.swift; path = H2O_InfoUITests.swift; sourceTree = "<group>"; };
		6EF25CCA20F63F3B000DF281 /* Info.plist */ = {isa = PBXFileReference; lastKnownFileType = text.plist.xml; path = Info.plist; sourceTree = "<group>"; };
/* End PBXFileReference section */

/* Begin PBXFrameworksBuildPhase section */
		6EF25CA220F63F39000DF281 /* Frameworks */ = {
			isa = PBXFrameworksBuildPhase;
			buildActionMask = 2147483647;
			files = (
			);
			runOnlyForDeploymentPostprocessing = 0;
		};
		6EF25CB620F63F3B000DF281 /* Frameworks */ = {
			isa = PBXFrameworksBuildPhase;
			buildActionMask = 2147483647;
			files = (
			);
			runOnlyForDeploymentPostprocessing = 0;
		};
		6EF25CC120F63F3B000DF281 /* Frameworks */ = {
			isa = PBXFrameworksBuildPhase;
			buildActionMask = 2147483647;
			files = (
			);
			runOnlyForDeploymentPostprocessing = 0;
		};
/* End PBXFrameworksBuildPhase section */

/* Begin PBXGroup section */
		6EF25C9C20F63F39000DF281 = {
			isa = PBXGroup;
			children = (
				6EF25CA720F63F39000DF281 /* H2O Info */,
				6EF25CBC20F63F3B000DF281 /* H2O InfoTests */,
				6EF25CC720F63F3B000DF281 /* H2O InfoUITests */,
				6EF25CA620F63F39000DF281 /* Products */,
			);
			sourceTree = "<group>";
		};
		6EF25CA620F63F39000DF281 /* Products */ = {
			isa = PBXGroup;
			children = (
				6EF25CA520F63F39000DF281 /* H2O Info.app */,
				6EF25CB920F63F3B000DF281 /* H2O InfoTests.xctest */,
				6EF25CC420F63F3B000DF281 /* H2O InfoUITests.xctest */,
			);
			name = Products;
			sourceTree = "<group>";
		};
		6EF25CA720F63F39000DF281 /* H2O Info */ = {
			isa = PBXGroup;
			children = (
				6EF25CA820F63F39000DF281 /* AppDelegate.swift */,
				6EF25CAA20F63F39000DF281 /* ViewController.swift */,
				6EF25CAC20F63F39000DF281 /* Main.storyboard */,
				6EF25CAF20F63F3B000DF281 /* Assets.xcassets */,
				6EF25CB120F63F3B000DF281 /* LaunchScreen.storyboard */,
				6EF25CB420F63F3B000DF281 /* Info.plist */,
			);
			path = "H2O Info";
			sourceTree = "<group>";
		};
		6EF25CBC20F63F3B000DF281 /* H2O InfoTests */ = {
			isa = PBXGroup;
			children = (
				6EF25CBD20F63F3B000DF281 /* H2O_InfoTests.swift */,
				6EF25CBF20F63F3B000DF281 /* Info.plist */,
			);
			path = "H2O InfoTests";
			sourceTree = "<group>";
		};
		6EF25CC720F63F3B000DF281 /* H2O InfoUITests */ = {
			isa = PBXGroup;
			children = (
				6EF25CC820F63F3B000DF281 /* H2O_InfoUITests.swift */,
				6EF25CCA20F63F3B000DF281 /* Info.plist */,
			);
			path = "H2O InfoUITests";
			sourceTree = "<group>";
		};
/* End PBXGroup section */

/* Begin PBXNativeTarget section */
		6EF25CA420F63F39000DF281 /* H2O Info */ = {
			isa = PBXNativeTarget;
			buildConfigurationList = 6EF25CCD20F63F3B000DF281 /* Build configuration list for PBXNativeTarget "H2O Info" */;
			buildPhases = (
				6EF25CA120F63F39000DF281 /* Sources */,
				6EF25CA220F63F39000DF281 /* Frameworks */,
				6EF25CA320F63F39000DF281 /* Resources */,
			);
			buildRules = (
			);
			dependencies = (
			);
			name = "H2O Info";
			productName = "H2O Info";
			productReference = 6EF25CA520F63F39000DF281 /* H2O Info.app */;
			productType = "com.apple.product-type.application";
		};
		6EF25CB820F63F3B000DF281 /* H2O InfoTests */ = {
			isa = PBXNativeTarget;
			buildConfigurationList = 6EF25CD020F63F3B000DF281 /* Build configuration list for PBXNativeTarget "H2O InfoTests" */;
			buildPhases = (
				6EF25CB520F63F3B000DF281 /* Sources */,
				6EF25CB620F63F3B000DF281 /* Frameworks */,
				6EF25CB720F63F3B000DF281 /* Resources */,
			);
			buildRules = (
			);
			dependencies = (
				6EF25CBB20F63F3B000DF281 /* PBXTargetDependency */,
			);
			name = "H2O InfoTests";
			productName = "H2O InfoTests";
			productReference = 6EF25CB920F63F3B000DF281 /* H2O InfoTests.xctest */;
			productType = "com.apple.product-type.bundle.unit-test";
		};
		6EF25CC320F63F3B000DF281 /* H2O InfoUITests */ = {
			isa = PBXNativeTarget;
			buildConfigurationList = 6EF25CD320F63F3B000DF281 /* Build configuration list for PBXNativeTarget "H2O InfoUITests" */;
			buildPhases = (
				6EF25CC020F63F3B000DF281 /* Sources */,
				6EF25CC120F63F3B000DF281 /* Frameworks */,
				6EF25CC220F63F3B000DF281 /* Resources */,
			);
			buildRules = (
			);
			dependencies = (
				6EF25CC620F63F3B000DF281 /* PBXTargetDependency */,
			);
			name = "H2O InfoUITests";
			productName = "H2O InfoUITests";
			productReference = 6EF25CC420F63F3B000DF281 /* H2O InfoUITests.xctest */;
			productType = "com.apple.product-type.bundle.ui-testing";
		};
/* End PBXNativeTarget section */

/* Begin PBXProject section */
		6EF25C9D20F63F39000DF281 /* Project object */ = {
			isa = PBXProject;
			attributes = {
				LastSwiftUpdateCheck = 0940;
				LastUpgradeCheck = 0940;
				ORGANIZATIONNAME = "Sullivan, Ryan P";
				TargetAttributes = {
					6EF25CA420F63F39000DF281 = {
						CreatedOnToolsVersion = 9.4.1;
					};
					6EF25CB820F63F3B000DF281 = {
						CreatedOnToolsVersion = 9.4.1;
						TestTargetID = 6EF25CA420F63F39000DF281;
					};
					6EF25CC320F63F3B000DF281 = {
						CreatedOnToolsVersion = 9.4.1;
						TestTargetID = 6EF25CA420F63F39000DF281;
					};
				};
			};
			buildConfigurationList = 6EF25CA020F63F39000DF281 /* Build configuration list for PBXProject "H2O Info" */;
			compatibilityVersion = "Xcode 9.3";
			developmentRegion = en;
			hasScannedForEncodings = 0;
			knownRegions = (
				en,
				Base,
			);
			mainGroup = 6EF25C9C20F63F39000DF281;
			productRefGroup = 6EF25CA620F63F39000DF281 /* Products */;
			projectDirPath = "";
			projectRoot = "";
			targets = (
				6EF25CA420F63F39000DF281 /* H2O Info */,
				6EF25CB820F63F3B000DF281 /* H2O InfoTests */,
				6EF25CC320F63F3B000DF281 /* H2O InfoUITests */,
			);
		};
/* End PBXProject section */

/* Begin PBXResourcesBuildPhase section */
		6EF25CA320F63F39000DF281 /* Resources */ = {
			isa = PBXResourcesBuildPhase;
			buildActionMask = 2147483647;
			files = (
				6EF25CB320F63F3B000DF281 /* LaunchScreen.storyboard in Resources */,
				6EF25CB020F63F3B000DF281 /* Assets.xcassets in Resources */,
				6EF25CAE20F63F39000DF281 /* Main.storyboard in Resources */,
			);
			runOnlyForDeploymentPostprocessing = 0;
		};
		6EF25CB720F63F3B000DF281 /* Resources */ = {
			isa = PBXResourcesBuildPhase;
			buildActionMask = 2147483647;
			files = (
			);
			runOnlyForDeploymentPostprocessing = 0;
		};
		6EF25CC220F63F3B000DF281 /* Resources */ = {
			isa = PBXResourcesBuildPhase;
			buildActionMask = 2147483647;
			files = (
			);
			runOnlyForDeploymentPostprocessing = 0;
		};
/* End PBXResourcesBuildPhase section */

/* Begin PBXSourcesBuildPhase section */
		6EF25CA120F63F39000DF281 /* Sources */ = {
			isa = PBXSourcesBuildPhase;
			buildActionMask = 2147483647;
			files = (
				6EF25CAB20F63F39000DF281 /* ViewController.swift in Sources */,
				6EF25CA920F63F39000DF281 /* AppDelegate.swift in Sources */,
			);
			runOnlyForDeploymentPostprocessing = 0;
		};
		6EF25CB520F63F3B000DF281 /* Sources */ = {
			isa = PBXSourcesBuildPhase;
			buildActionMask = 2147483647;
			files = (
				6EF25CBE20F63F3B000DF281 /* H2O_InfoTests.swift in Sources */,
			);
			runOnlyForDeploymentPostprocessing = 0;
		};
		6EF25CC020F63F3B000DF281 /* Sources */ = {
			isa = PBXSourcesBuildPhase;
			buildActionMask = 2147483647;
			files = (
				6EF25CC920F63F3B000DF281 /* H2O_InfoUITests.swift in Sources */,
			);
			runOnlyForDeploymentPostprocessing = 0;
		};
/* End PBXSourcesBuildPhase section */

/* Begin PBXTargetDependency section */
		6EF25CBB20F63F3B000DF281 /* PBXTargetDependency */ = {
			isa = PBXTargetDependency;
			target = 6EF25CA420F63F39000DF281 /* H2O Info */;
			targetProxy = 6EF25CBA20F63F3B000DF281 /* PBXContainerItemProxy */;
		};
		6EF25CC620F63F3B000DF281 /* PBXTargetDependency */ = {
			isa = PBXTargetDependency;
			target = 6EF25CA420F63F39000DF281 /* H2O Info */;
			targetProxy = 6EF25CC520F63F3B000DF281 /* PBXContainerItemProxy */;
		};
/* End PBXTargetDependency section */

/* Begin PBXVariantGroup section */
		6EF25CAC20F63F39000DF281 /* Main.storyboard */ = {
			isa = PBXVariantGroup;
			children = (
				6EF25CAD20F63F39000DF281 /* Base */,
			);
			name = Main.storyboard;
			sourceTree = "<group>";
		};
		6EF25CB120F63F3B000DF281 /* LaunchScreen.storyboard */ = {
			isa = PBXVariantGroup;
			children = (
				6EF25CB220F63F3B000DF281 /* Base */,
			);
			name = LaunchScreen.storyboard;
			sourceTree = "<group>";
		};
/* End PBXVariantGroup section */

/* Begin XCBuildConfiguration section */
		6EF25CCB20F63F3B000DF281 /* Debug */ = {
			isa = XCBuildConfiguration;
			buildSettings = {
				ALWAYS_SEARCH_USER_PATHS = NO;
				CLANG_ANALYZER_NONNULL = YES;
				CLANG_ANALYZER_NUMBER_OBJECT_CONVERSION = YES_AGGRESSIVE;
				CLANG_CXX_LANGUAGE_STANDARD = "gnu++14";
				CLANG_CXX_LIBRARY = "libc++";
				CLANG_ENABLE_MODULES = YES;
				CLANG_ENABLE_OBJC_ARC = YES;
				CLANG_ENABLE_OBJC_WEAK = YES;
				CLANG_WARN_BLOCK_CAPTURE_AUTORELEASING = YES;
				CLANG_WARN_BOOL_CONVERSION = YES;
				CLANG_WARN_COMMA = YES;
				CLANG_WARN_CONSTANT_CONVERSION = YES;
				CLANG_WARN_DEPRECATED_OBJC_IMPLEMENTATIONS = YES;
				CLANG_WARN_DIRECT_OBJC_ISA_USAGE = YES_ERROR;
				CLANG_WARN_DOCUMENTATION_COMMENTS = YES;
				CLANG_WARN_EMPTY_BODY = YES;
				CLANG_WARN_ENUM_CONVERSION = YES;
				CLANG_WARN_INFINITE_RECURSION = YES;
				CLANG_WARN_INT_CONVERSION = YES;
				CLANG_WARN_NON_LITERAL_NULL_CONVERSION = YES;
				CLANG_WARN_OBJC_IMPLICIT_RETAIN_SELF = YES;
				CLANG_WARN_OBJC_LITERAL_CONVERSION = YES;
				CLANG_WARN_OBJC_ROOT_CLASS = YES_ERROR;
				CLANG_WARN_RANGE_LOOP_ANALYSIS = YES;
				CLANG_WARN_STRICT_PROTOTYPES = YES;
				CLANG_WARN_SUSPICIOUS_MOVE = YES;
				CLANG_WARN_UNGUARDED_AVAILABILITY = YES_AGGRESSIVE;
				CLANG_WARN_UNREACHABLE_CODE = YES;
				CLANG_WARN__DUPLICATE_METHOD_MATCH = YES;
				CODE_SIGN_IDENTITY = "iPhone Developer";
				COPY_PHASE_STRIP = NO;
				DEBUG_INFORMATION_FORMAT = dwarf;
				ENABLE_STRICT_OBJC_MSGSEND = YES;
				ENABLE_TESTABILITY = YES;
				GCC_C_LANGUAGE_STANDARD = gnu11;
				GCC_DYNAMIC_NO_PIC = NO;
				GCC_NO_COMMON_BLOCKS = YES;
				GCC_OPTIMIZATION_LEVEL = 0;
				GCC_PREPROCESSOR_DEFINITIONS = (
					"DEBUG=1",
					"$(inherited)",
				);
				GCC_WARN_64_TO_32_BIT_CONVERSION = YES;
				GCC_WARN_ABOUT_RETURN_TYPE = YES_ERROR;
				GCC_WARN_UNDECLARED_SELECTOR = YES;
				GCC_WARN_UNINITIALIZED_AUTOS = YES_AGGRESSIVE;
				GCC_WARN_UNUSED_FUNCTION = YES;
				GCC_WARN_UNUSED_VARIABLE = YES;
				IPHONEOS_DEPLOYMENT_TARGET = 11.4;
				MTL_ENABLE_DEBUG_INFO = YES;
				ONLY_ACTIVE_ARCH = YES;
				SDKROOT = iphoneos;
				SWIFT_ACTIVE_COMPILATION_CONDITIONS = DEBUG;
				SWIFT_OPTIMIZATION_LEVEL = "-Onone";
			};
			name = Debug;
		};
		6EF25CCC20F63F3B000DF281 /* Release */ = {
			isa = XCBuildConfiguration;
			buildSettings = {
				ALWAYS_SEARCH_USER_PATHS = NO;
				CLANG_ANALYZER_NONNULL = YES;
				CLANG_ANALYZER_NUMBER_OBJECT_CONVERSION = YES_AGGRESSIVE;
				CLANG_CXX_LANGUAGE_STANDARD = "gnu++14";
				CLANG_CXX_LIBRARY = "libc++";
				CLANG_ENABLE_MODULES = YES;
				CLANG_ENABLE_OBJC_ARC = YES;
				CLANG_ENABLE_OBJC_WEAK = YES;
				CLANG_WARN_BLOCK_CAPTURE_AUTORELEASING = YES;
				CLANG_WARN_BOOL_CONVERSION = YES;
				CLANG_WARN_COMMA = YES;
				CLANG_WARN_CONSTANT_CONVERSION = YES;
				CLANG_WARN_DEPRECATED_OBJC_IMPLEMENTATIONS = YES;
				CLANG_WARN_DIRECT_OBJC_ISA_USAGE = YES_ERROR;
				CLANG_WARN_DOCUMENTATION_COMMENTS = YES;
				CLANG_WARN_EMPTY_BODY = YES;
				CLANG_WARN_ENUM_CONVERSION = YES;
				CLANG_WARN_INFINITE_RECURSION = YES;
				CLANG_WARN_INT_CONVERSION = YES;
				CLANG_WARN_NON_LITERAL_NULL_CONVERSION = YES;
				CLANG_WARN_OBJC_IMPLICIT_RETAIN_SELF = YES;
				CLANG_WARN_OBJC_LITERAL_CONVERSION = YES;
				CLANG_WARN_OBJC_ROOT_CLASS = YES_ERROR;
				CLANG_WARN_RANGE_LOOP_ANALYSIS = YES;
				CLANG_WARN_STRICT_PROTOTYPES = YES;
				CLANG_WARN_SUSPICIOUS_MOVE = YES;
				CLANG_WARN_UNGUARDED_AVAILABILITY = YES_AGGRESSIVE;
				CLANG_WARN_UNREACHABLE_CODE = YES;
				CLANG_WARN__DUPLICATE_METHOD_MATCH = YES;
				CODE_SIGN_IDENTITY = "iPhone Developer";
				COPY_PHASE_STRIP = NO;
				DEBUG_INFORMATION_FORMAT = "dwarf-with-dsym";
				ENABLE_NS_ASSERTIONS = NO;
				ENABLE_STRICT_OBJC_MSGSEND = YES;
				GCC_C_LANGUAGE_STANDARD = gnu11;
				GCC_NO_COMMON_BLOCKS = YES;
				GCC_WARN_64_TO_32_BIT_CONVERSION = YES;
				GCC_WARN_ABOUT_RETURN_TYPE = YES_ERROR;
				GCC_WARN_UNDECLARED_SELECTOR = YES;
				GCC_WARN_UNINITIALIZED_AUTOS = YES_AGGRESSIVE;
				GCC_WARN_UNUSED_FUNCTION = YES;
				GCC_WARN_UNUSED_VARIABLE = YES;
				IPHONEOS_DEPLOYMENT_TARGET = 11.4;
				MTL_ENABLE_DEBUG_INFO = NO;
				SDKROOT = iphoneos;
				SWIFT_COMPILATION_MODE = wholemodule;
				SWIFT_OPTIMIZATION_LEVEL = "-O";
				VALIDATE_PRODUCT = YES;
			};
			name = Release;
		};
		6EF25CCE20F63F3B000DF281 /* Debug */ = {
			isa = XCBuildConfiguration;
			buildSettings = {
				ASSETCATALOG_COMPILER_APPICON_NAME = AppIcon;
				CODE_SIGN_STYLE = Automatic;
				INFOPLIST_FILE = "H2O Info/Info.plist";
				LD_RUNPATH_SEARCH_PATHS = (
					"$(inherited)",
					"@executable_path/Frameworks",
				);
				PRODUCT_BUNDLE_IDENTIFIER = "-.0.H2O-Info";
				PRODUCT_NAME = "$(TARGET_NAME)";
				SWIFT_VERSION = 4.0;
				TARGETED_DEVICE_FAMILY = "1,2";
			};
			name = Debug;
		};
		6EF25CCF20F63F3B000DF281 /* Release */ = {
			isa = XCBuildConfiguration;
			buildSettings = {
				ASSETCATALOG_COMPILER_APPICON_NAME = AppIcon;
				CODE_SIGN_STYLE = Automatic;
				INFOPLIST_FILE = "H2O Info/Info.plist";
				LD_RUNPATH_SEARCH_PATHS = (
					"$(inherited)",
					"@executable_path/Frameworks",
				);
				PRODUCT_BUNDLE_IDENTIFIER = "-.0.H2O-Info";
				PRODUCT_NAME = "$(TARGET_NAME)";
				SWIFT_VERSION = 4.0;
				TARGETED_DEVICE_FAMILY = "1,2";
			};
			name = Release;
		};
		6EF25CD120F63F3B000DF281 /* Debug */ = {
			isa = XCBuildConfiguration;
			buildSettings = {
				ALWAYS_EMBED_SWIFT_STANDARD_LIBRARIES = YES;
				BUNDLE_LOADER = "$(TEST_HOST)";
				CODE_SIGN_STYLE = Automatic;
				INFOPLIST_FILE = "H2O InfoTests/Info.plist";
				LD_RUNPATH_SEARCH_PATHS = (
					"$(inherited)",
					"@executable_path/Frameworks",
					"@loader_path/Frameworks",
				);
				PRODUCT_BUNDLE_IDENTIFIER = "-.0.H2O-InfoTests";
				PRODUCT_NAME = "$(TARGET_NAME)";
				SWIFT_VERSION = 4.0;
				TARGETED_DEVICE_FAMILY = "1,2";
				TEST_HOST = "$(BUILT_PRODUCTS_DIR)/H2O Info.app/H2O Info";
			};
			name = Debug;
		};
		6EF25CD220F63F3B000DF281 /* Release */ = {
			isa = XCBuildConfiguration;
			buildSettings = {
				ALWAYS_EMBED_SWIFT_STANDARD_LIBRARIES = YES;
				BUNDLE_LOADER = "$(TEST_HOST)";
				CODE_SIGN_STYLE = Automatic;
				INFOPLIST_FILE = "H2O InfoTests/Info.plist";
				LD_RUNPATH_SEARCH_PATHS = (
					"$(inherited)",
					"@executable_path/Frameworks",
					"@loader_path/Frameworks",
				);
				PRODUCT_BUNDLE_IDENTIFIER = "-.0.H2O-InfoTests";
				PRODUCT_NAME = "$(TARGET_NAME)";
				SWIFT_VERSION = 4.0;
				TARGETED_DEVICE_FAMILY = "1,2";
				TEST_HOST = "$(BUILT_PRODUCTS_DIR)/H2O Info.app/H2O Info";
			};
			name = Release;
		};
		6EF25CD420F63F3B000DF281 /* Debug */ = {
			isa = XCBuildConfiguration;
			buildSettings = {
				ALWAYS_EMBED_SWIFT_STANDARD_LIBRARIES = YES;
				CODE_SIGN_STYLE = Automatic;
				INFOPLIST_FILE = "H2O InfoUITests/Info.plist";
				LD_RUNPATH_SEARCH_PATHS = (
					"$(inherited)",
					"@executable_path/Frameworks",
					"@loader_path/Frameworks",
				);
				PRODUCT_BUNDLE_IDENTIFIER = "-.0.H2O-InfoUITests";
				PRODUCT_NAME = "$(TARGET_NAME)";
				SWIFT_VERSION = 4.0;
				TARGETED_DEVICE_FAMILY = "1,2";
				TEST_TARGET_NAME = "H2O Info";
			};
			name = Debug;
		};
		6EF25CD520F63F3B000DF281 /* Release */ = {
			isa = XCBuildConfiguration;
			buildSettings = {
				ALWAYS_EMBED_SWIFT_STANDARD_LIBRARIES = YES;
				CODE_SIGN_STYLE = Automatic;
				INFOPLIST_FILE = "H2O InfoUITests/Info.plist";
				LD_RUNPATH_SEARCH_PATHS = (
					"$(inherited)",
					"@executable_path/Frameworks",
					"@loader_path/Frameworks",
				);
				PRODUCT_BUNDLE_IDENTIFIER = "-.0.H2O-InfoUITests";
				PRODUCT_NAME = "$(TARGET_NAME)";
				SWIFT_VERSION = 4.0;
				TARGETED_DEVICE_FAMILY = "1,2";
				TEST_TARGET_NAME = "H2O Info";
			};
			name = Release;
		};
/* End XCBuildConfiguration section */

/* Begin XCConfigurationList section */
		6EF25CA020F63F39000DF281 /* Build configuration list for PBXProject "H2O Info" */ = {
			isa = XCConfigurationList;
			buildConfigurations = (
				6EF25CCB20F63F3B000DF281 /* Debug */,
				6EF25CCC20F63F3B000DF281 /* Release */,
			);
			defaultConfigurationIsVisible = 0;
			defaultConfigurationName = Release;
		};
		6EF25CCD20F63F3B000DF281 /* Build configuration list for PBXNativeTarget "H2O Info" */ = {
			isa = XCConfigurationList;
			buildConfigurations = (
				6EF25CCE20F63F3B000DF281 /* Debug */,
				6EF25CCF20F63F3B000DF281 /* Release */,
			);
			defaultConfigurationIsVisible = 0;
			defaultConfigurationName = Release;
		};
		6EF25CD020F63F3B000DF281 /* Build configuration list for PBXNativeTarget "H2O InfoTests" */ = {
			isa = XCConfigurationList;
			buildConfigurations = (
				6EF25CD120F63F3B000DF281 /* Debug */,
				6EF25CD220F63F3B000DF281 /* Release */,
			);
			defaultConfigurationIsVisible = 0;
			defaultConfigurationName = Release;
		};
		6EF25CD320F63F3B000DF281 /* Build configuration list for PBXNativeTarget "H2O InfoUITests" */ = {
			isa = XCConfigurationList;
			buildConfigurations = (
				6EF25CD420F63F3B000DF281 /* Debug */,
				6EF25CD520F63F3B000DF281 /* Release */,
			);
			defaultConfigurationIsVisible = 0;
			defaultConfigurationName = Release;
		};
/* End XCConfigurationList section */
	};
	rootObject = 6EF25C9D20F63F39000DF281 /* Project object */;
}
